
Microsoft Visual Studio Solution File, Format Version 12.00
# Visual Studio Version 16
VisualStudioVersion = 16.0.28803.156
MinimumVisualStudioVersion = 15.0.26124.0
Project("{9A19103F-16F7-4668-BE54-9A1E7A4F7556}") = "Imms.Core", "Imms.Core\Imms.Core.csproj", "{32B8C81F-0C90-471E-BBDF-A0ABC9D21FD6}"
EndProject
Project("{9A19103F-16F7-4668-BE54-9A1E7A4F7556}") = "Imms.Aps", "Imms.Aps\Imms.Aps.csproj", "{E72F7AD9-9591-4295-A0AA-E5BA664BCD6C}"
EndProject
Project("{9A19103F-16F7-4668-BE54-9A1E7A4F7556}") = "Imms.Mes", "Imms.Mes\Imms.Mes.csproj", "{776A6852-3D7A-4BE4-A92C-0ECE7F91442A}"
EndProject
Project("{9A19103F-16F7-4668-BE54-9A1E7A4F7556}") = "Imms.Test", "Imms.Test\Imms.Test.csproj", "{8278C91C-91BF-466E-A637-1E013406D6ED}"
EndProject
Project("{FAE04EC0-301F-11D3-BF4B-00C04F79EFBC}") = "Imms.App.Android", "Imms.App\Imms.App.Android\Imms.App.Android.csproj", "{4CCAA7F0-848C-49A8-9FD9-DC4F4595A5D0}"
EndProject
Project("{FAE04EC0-301F-11D3-BF4B-00C04F79EFBC}") = "Imms.App.iOS", "Imms.App\Imms.App.iOS\Imms.App.iOS.csproj", "{E3C1554F-D5BB-4962-94C4-259250260C9E}"
EndProject
Project("{FAE04EC0-301F-11D3-BF4B-00C04F79EFBC}") = "Imms.App", "Imms.App\Imms.App\Imms.App.csproj", "{6FB1A1A0-4E4E-46DC-AEC0-1C7C7BEA972A}"
EndProject
Global
	GlobalSection(SolutionConfigurationPlatforms) = preSolution
		Debug|Any CPU = Debug|Any CPU
		Debug|iPhone = Debug|iPhone
		Debug|iPhoneSimulator = Debug|iPhoneSimulator
		Debug|x64 = Debug|x64
		Debug|x86 = Debug|x86
		Release|Any CPU = Release|Any CPU
		Release|iPhone = Release|iPhone
		Release|iPhoneSimulator = Release|iPhoneSimulator
		Release|x64 = Release|x64
		Release|x86 = Release|x86
	EndGlobalSection
	GlobalSection(ProjectConfigurationPlatforms) = postSolution
		{32B8C81F-0C90-471E-BBDF-A0ABC9D21FD6}.Debug|Any CPU.ActiveCfg = Debug|Any CPU
		{32B8C81F-0C90-471E-BBDF-A0ABC9D21FD6}.Debug|Any CPU.Build.0 = Debug|Any CPU
		{32B8C81F-0C90-471E-BBDF-A0ABC9D21FD6}.Debug|iPhone.ActiveCfg = Debug|Any CPU
		{32B8C81F-0C90-471E-BBDF-A0ABC9D21FD6}.Debug|iPhone.Build.0 = Debug|Any CPU
		{32B8C81F-0C90-471E-BBDF-A0ABC9D21FD6}.Debug|iPhoneSimulator.ActiveCfg = Debug|Any CPU
		{32B8C81F-0C90-471E-BBDF-A0ABC9D21FD6}.Debug|iPhoneSimulator.Build.0 = Debug|Any CPU
		{32B8C81F-0C90-471E-BBDF-A0ABC9D21FD6}.Debug|x64.ActiveCfg = Debug|Any CPU
		{32B8C81F-0C90-471E-BBDF-A0ABC9D21FD6}.Debug|x64.Build.0 = Debug|Any CPU
		{32B8C81F-0C90-471E-BBDF-A0ABC9D21FD6}.Debug|x86.ActiveCfg = Debug|Any CPU
		{32B8C81F-0C90-471E-BBDF-A0ABC9D21FD6}.Debug|x86.Build.0 = Debug|Any CPU
		{32B8C81F-0C90-471E-BBDF-A0ABC9D21FD6}.Release|Any CPU.ActiveCfg = Release|Any CPU
		{32B8C81F-0C90-471E-BBDF-A0ABC9D21FD6}.Release|Any CPU.Build.0 = Release|Any CPU
		{32B8C81F-0C90-471E-BBDF-A0ABC9D21FD6}.Release|iPhone.ActiveCfg = Release|Any CPU
		{32B8C81F-0C90-471E-BBDF-A0ABC9D21FD6}.Release|iPhone.Build.0 = Release|Any CPU
		{32B8C81F-0C90-471E-BBDF-A0ABC9D21FD6}.Release|iPhoneSimulator.ActiveCfg = Release|Any CPU
		{32B8C81F-0C90-471E-BBDF-A0ABC9D21FD6}.Release|iPhoneSimulator.Build.0 = Release|Any CPU
		{32B8C81F-0C90-471E-BBDF-A0ABC9D21FD6}.Release|x64.ActiveCfg = Release|Any CPU
		{32B8C81F-0C90-471E-BBDF-A0ABC9D21FD6}.Release|x64.Build.0 = Release|Any CPU
		{32B8C81F-0C90-471E-BBDF-A0ABC9D21FD6}.Release|x86.ActiveCfg = Release|Any CPU
		{32B8C81F-0C90-471E-BBDF-A0ABC9D21FD6}.Release|x86.Build.0 = Release|Any CPU
		{E72F7AD9-9591-4295-A0AA-E5BA664BCD6C}.Debug|Any CPU.ActiveCfg = Debug|Any CPU
		{E72F7AD9-9591-4295-A0AA-E5BA664BCD6C}.Debug|Any CPU.Build.0 = Debug|Any CPU
		{E72F7AD9-9591-4295-A0AA-E5BA664BCD6C}.Debug|iPhone.ActiveCfg = Debug|Any CPU
		{E72F7AD9-9591-4295-A0AA-E5BA664BCD6C}.Debug|iPhone.Build.0 = Debug|Any CPU
		{E72F7AD9-9591-4295-A0AA-E5BA664BCD6C}.Debug|iPhoneSimulator.ActiveCfg = Debug|Any CPU
		{E72F7AD9-9591-4295-A0AA-E5BA664BCD6C}.Debug|iPhoneSimulator.Build.0 = Debug|Any CPU
		{E72F7AD9-9591-4295-A0AA-E5BA664BCD6C}.Debug|x64.ActiveCfg = Debug|Any CPU
		{E72F7AD9-9591-4295-A0AA-E5BA664BCD6C}.Debug|x64.Build.0 = Debug|Any CPU
		{E72F7AD9-9591-4295-A0AA-E5BA664BCD6C}.Debug|x86.ActiveCfg = Debug|Any CPU
		{E72F7AD9-9591-4295-A0AA-E5BA664BCD6C}.Debug|x86.Build.0 = Debug|Any CPU
		{E72F7AD9-9591-4295-A0AA-E5BA664BCD6C}.Release|Any CPU.ActiveCfg = Release|Any CPU
		{E72F7AD9-9591-4295-A0AA-E5BA664BCD6C}.Release|Any CPU.Build.0 = Release|Any CPU
		{E72F7AD9-9591-4295-A0AA-E5BA664BCD6C}.Release|iPhone.ActiveCfg = Release|Any CPU
		{E72F7AD9-9591-4295-A0AA-E5BA664BCD6C}.Release|iPhone.Build.0 = Release|Any CPU
		{E72F7AD9-9591-4295-A0AA-E5BA664BCD6C}.Release|iPhoneSimulator.ActiveCfg = Release|Any CPU
		{E72F7AD9-9591-4295-A0AA-E5BA664BCD6C}.Release|iPhoneSimulator.Build.0 = Release|Any CPU
		{E72F7AD9-9591-4295-A0AA-E5BA664BCD6C}.Release|x64.ActiveCfg = Release|Any CPU
		{E72F7AD9-9591-4295-A0AA-E5BA664BCD6C}.Release|x64.Build.0 = Release|Any CPU
		{E72F7AD9-9591-4295-A0AA-E5BA664BCD6C}.Release|x86.ActiveCfg = Release|Any CPU
		{E72F7AD9-9591-4295-A0AA-E5BA664BCD6C}.Release|x86.Build.0 = Release|Any CPU
		{776A6852-3D7A-4BE4-A92C-0ECE7F91442A}.Debug|Any CPU.ActiveCfg = Debug|Any CPU
		{776A6852-3D7A-4BE4-A92C-0ECE7F91442A}.Debug|Any CPU.Build.0 = Debug|Any CPU
		{776A6852-3D7A-4BE4-A92C-0ECE7F91442A}.Debug|iPhone.ActiveCfg = Debug|Any CPU
		{776A6852-3D7A-4BE4-A92C-0ECE7F91442A}.Debug|iPhone.Build.0 = Debug|Any CPU
		{776A6852-3D7A-4BE4-A92C-0ECE7F91442A}.Debug|iPhoneSimulator.ActiveCfg = Debug|Any CPU
		{776A6852-3D7A-4BE4-A92C-0ECE7F91442A}.Debug|iPhoneSimulator.Build.0 = Debug|Any CPU
		{776A6852-3D7A-4BE4-A92C-0ECE7F91442A}.Debug|x64.ActiveCfg = Debug|Any CPU
		{776A6852-3D7A-4BE4-A92C-0ECE7F91442A}.Debug|x64.Build.0 = Debug|Any CPU
		{776A6852-3D7A-4BE4-A92C-0ECE7F91442A}.Debug|x86.ActiveCfg = Debug|Any CPU
		{776A6852-3D7A-4BE4-A92C-0ECE7F91442A}.Debug|x86.Build.0 = Debug|Any CPU
		{776A6852-3D7A-4BE4-A92C-0ECE7F91442A}.Release|Any CPU.ActiveCfg = Release|Any CPU
		{776A6852-3D7A-4BE4-A92C-0ECE7F91442A}.Release|Any CPU.Build.0 = Release|Any CPU
		{776A6852-3D7A-4BE4-A92C-0ECE7F91442A}.Release|iPhone.ActiveCfg = Release|Any CPU
		{776A6852-3D7A-4BE4-A92C-0ECE7F91442A}.Release|iPhone.Build.0 = Release|Any CPU
		{776A6852-3D7A-4BE4-A92C-0ECE7F91442A}.Release|iPhoneSimulator.ActiveCfg = Release|Any CPU
		{776A6852-3D7A-4BE4-A92C-0ECE7F91442A}.Release|iPhoneSimulator.Build.0 = Release|Any CPU
		{776A6852-3D7A-4BE4-A92C-0ECE7F91442A}.Release|x64.ActiveCfg = Release|Any CPU
		{776A6852-3D7A-4BE4-A92C-0ECE7F91442A}.Release|x64.Build.0 = Release|Any CPU
		{776A6852-3D7A-4BE4-A92C-0ECE7F91442A}.Release|x86.ActiveCfg = Release|Any CPU
		{776A6852-3D7A-4BE4-A92C-0ECE7F91442A}.Release|x86.Build.0 = Release|Any CPU
		{8278C91C-91BF-466E-A637-1E013406D6ED}.Debug|Any CPU.ActiveCfg = Debug|Any CPU
		{8278C91C-91BF-466E-A637-1E013406D6ED}.Debug|Any CPU.Build.0 = Debug|Any CPU
		{8278C91C-91BF-466E-A637-1E013406D6ED}.Debug|iPhone.ActiveCfg = Debug|Any CPU
		{8278C91C-91BF-466E-A637-1E013406D6ED}.Debug|iPhone.Build.0 = Debug|Any CPU
		{8278C91C-91BF-466E-A637-1E013406D6ED}.Debug|iPhoneSimulator.ActiveCfg = Debug|Any CPU
		{8278C91C-91BF-466E-A637-1E013406D6ED}.Debug|iPhoneSimulator.Build.0 = Debug|Any CPU
		{8278C91C-91BF-466E-A637-1E013406D6ED}.Debug|x64.ActiveCfg = Debug|Any CPU
		{8278C91C-91BF-466E-A637-1E013406D6ED}.Debug|x64.Build.0 = Debug|Any CPU
		{8278C91C-91BF-466E-A637-1E013406D6ED}.Debug|x86.ActiveCfg = Debug|Any CPU
		{8278C91C-91BF-466E-A637-1E013406D6ED}.Debug|x86.Build.0 = Debug|Any CPU
		{8278C91C-91BF-466E-A637-1E013406D6ED}.Release|Any CPU.ActiveCfg = Release|Any CPU
		{8278C91C-91BF-466E-A637-1E013406D6ED}.Release|Any CPU.Build.0 = Release|Any CPU
		{8278C91C-91BF-466E-A637-1E013406D6ED}.Release|iPhone.ActiveCfg = Release|Any CPU
		{8278C91C-91BF-466E-A637-1E013406D6ED}.Release|iPhone.Build.0 = Release|Any CPU
		{8278C91C-91BF-466E-A637-1E013406D6ED}.Release|iPhoneSimulator.ActiveCfg = Release|Any CPU
		{8278C91C-91BF-466E-A637-1E013406D6ED}.Release|iPhoneSimulator.Build.0 = Release|Any CPU
		{8278C91C-91BF-466E-A637-1E013406D6ED}.Release|x64.ActiveCfg = Release|Any CPU
		{8278C91C-91BF-466E-A637-1E013406D6ED}.Release|x64.Build.0 = Release|Any CPU
		{8278C91C-91BF-466E-A637-1E013406D6ED}.Release|x86.ActiveCfg = Release|Any CPU
		{8278C91C-91BF-466E-A637-1E013406D6ED}.Release|x86.Build.0 = Release|Any CPU
		{4CCAA7F0-848C-49A8-9FD9-DC4F4595A5D0}.Debug|Any CPU.ActiveCfg = Debug|Any CPU
		{4CCAA7F0-848C-49A8-9FD9-DC4F4595A5D0}.Debug|Any CPU.Build.0 = Debug|Any CPU
		{4CCAA7F0-848C-49A8-9FD9-DC4F4595A5D0}.Debug|Any CPU.Deploy.0 = Debug|Any CPU
		{4CCAA7F0-848C-49A8-9FD9-DC4F4595A5D0}.Debug|iPhone.ActiveCfg = Debug|Any CPU
		{4CCAA7F0-848C-49A8-9FD9-DC4F4595A5D0}.Debug|iPhone.Build.0 = Debug|Any CPU
		{4CCAA7F0-848C-49A8-9FD9-DC4F4595A5D0}.Debug|iPhone.Deploy.0 = Debug|Any CPU
		{4CCAA7F0-848C-49A8-9FD9-DC4F4595A5D0}.Debug|iPhoneSimulator.ActiveCfg = Debug|Any CPU
		{4CCAA7F0-848C-49A8-9FD9-DC4F4595A5D0}.Debug|iPhoneSimulator.Build.0 = Debug|Any CPU
		{4CCAA7F0-848C-49A8-9FD9-DC4F4595A5D0}.Debug|iPhoneSimulator.Deploy.0 = Debug|Any CPU
		{4CCAA7F0-848C-49A8-9FD9-DC4F4595A5D0}.Debug|x64.ActiveCfg = Debug|Any CPU
		{4CCAA7F0-848C-49A8-9FD9-DC4F4595A5D0}.Debug|x64.Build.0 = Debug|Any CPU
		{4CCAA7F0-848C-49A8-9FD9-DC4F4595A5D0}.Debug|x64.Deploy.0 = Debug|Any CPU
		{4CCAA7F0-848C-49A8-9FD9-DC4F4595A5D0}.Debug|x86.ActiveCfg = Debug|Any CPU
		{4CCAA7F0-848C-49A8-9FD9-DC4F4595A5D0}.Debug|x86.Build.0 = Debug|Any CPU
		{4CCAA7F0-848C-49A8-9FD9-DC4F4595A5D0}.Debug|x86.Deploy.0 = Debug|Any CPU
		{4CCAA7F0-848C-49A8-9FD9-DC4F4595A5D0}.Release|Any CPU.ActiveCfg = Release|Any CPU
		{4CCAA7F0-848C-49A8-9FD9-DC4F4595A5D0}.Release|Any CPU.Build.0 = Release|Any CPU
		{4CCAA7F0-848C-49A8-9FD9-DC4F4595A5D0}.Release|Any CPU.Deploy.0 = Release|Any CPU
		{4CCAA7F0-848C-49A8-9FD9-DC4F4595A5D0}.Release|iPhone.ActiveCfg = Release|Any CPU
		{4CCAA7F0-848C-49A8-9FD9-DC4F4595A5D0}.Release|iPhone.Build.0 = Release|Any CPU
		{4CCAA7F0-848C-49A8-9FD9-DC4F4595A5D0}.Release|iPhone.Deploy.0 = Release|Any CPU
		{4CCAA7F0-848C-49A8-9FD9-DC4F4595A5D0}.Release|iPhoneSimulator.ActiveCfg = Release|Any CPU
		{4CCAA7F0-848C-49A8-9FD9-DC4F4595A5D0}.Release|iPhoneSimulator.Build.0 = Release|Any CPU
		{4CCAA7F0-848C-49A8-9FD9-DC4F4595A5D0}.Release|iPhoneSimulator.Deploy.0 = Release|Any CPU
		{4CCAA7F0-848C-49A8-9FD9-DC4F4595A5D0}.Release|x64.ActiveCfg = Release|Any CPU
		{4CCAA7F0-848C-49A8-9FD9-DC4F4595A5D0}.Release|x64.Build.0 = Release|Any CPU
		{4CCAA7F0-848C-49A8-9FD9-DC4F4595A5D0}.Release|x64.Deploy.0 = Release|Any CPU
		{4CCAA7F0-848C-49A8-9FD9-DC4F4595A5D0}.Release|x86.ActiveCfg = Release|Any CPU
		{4CCAA7F0-848C-49A8-9FD9-DC4F4595A5D0}.Release|x86.Build.0 = Release|Any CPU
		{4CCAA7F0-848C-49A8-9FD9-DC4F4595A5D0}.Release|x86.Deploy.0 = Release|Any CPU
		{E3C1554F-D5BB-4962-94C4-259250260C9E}.Debug|Any CPU.ActiveCfg = Debug|iPhone
		{E3C1554F-D5BB-4962-94C4-259250260C9E}.Debug|iPhone.ActiveCfg = Debug|iPhone
		{E3C1554F-D5BB-4962-94C4-259250260C9E}.Debug|iPhone.Build.0 = Debug|iPhone
		{E3C1554F-D5BB-4962-94C4-259250260C9E}.Debug|iPhoneSimulator.ActiveCfg = Debug|iPhoneSimulator
		{E3C1554F-D5BB-4962-94C4-259250260C9E}.Debug|iPhoneSimulator.Build.0 = Debug|iPhoneSimulator
		{E3C1554F-D5BB-4962-94C4-259250260C9E}.Debug|x64.ActiveCfg = Debug|iPhone
		{E3C1554F-D5BB-4962-94C4-259250260C9E}.Debug|x86.ActiveCfg = Debug|iPhone
		{E3C1554F-D5BB-4962-94C4-259250260C9E}.Release|Any CPU.ActiveCfg = Release|iPhone
		{E3C1554F-D5BB-4962-94C4-259250260C9E}.Release|iPhone.ActiveCfg = Release|iPhone
		{E3C1554F-D5BB-4962-94C4-259250260C9E}.Release|iPhone.Build.0 = Release|iPhone
		{E3C1554F-D5BB-4962-94C4-259250260C9E}.Release|iPhoneSimulator.ActiveCfg = Release|iPhoneSimulator
		{E3C1554F-D5BB-4962-94C4-259250260C9E}.Release|iPhoneSimulator.Build.0 = Release|iPhoneSimulator
		{E3C1554F-D5BB-4962-94C4-259250260C9E}.Release|x64.ActiveCfg = Release|iPhone
		{E3C1554F-D5BB-4962-94C4-259250260C9E}.Release|x86.ActiveCfg = Release|iPhone
		{6FB1A1A0-4E4E-46DC-AEC0-1C7C7BEA972A}.Debug|Any CPU.ActiveCfg = Debug|Any CPU
		{6FB1A1A0-4E4E-46DC-AEC0-1C7C7BEA972A}.Debug|Any CPU.Build.0 = Debug|Any CPU
		{6FB1A1A0-4E4E-46DC-AEC0-1C7C7BEA972A}.Debug|iPhone.ActiveCfg = Debug|Any CPU
		{6FB1A1A0-4E4E-46DC-AEC0-1C7C7BEA972A}.Debug|iPhone.Build.0 = Debug|Any CPU
		{6FB1A1A0-4E4E-46DC-AEC0-1C7C7BEA972A}.Debug|iPhoneSimulator.ActiveCfg = Debug|Any CPU
		{6FB1A1A0-4E4E-46DC-AEC0-1C7C7BEA972A}.Debug|iPhoneSimulator.Build.0 = Debug|Any CPU
		{6FB1A1A0-4E4E-46DC-AEC0-1C7C7BEA972A}.Debug|x64.ActiveCfg = Debug|Any CPU
		{6FB1A1A0-4E4E-46DC-AEC0-1C7C7BEA972A}.Debug|x64.Build.0 = Debug|Any CPU
		{6FB1A1A0-4E4E-46DC-AEC0-1C7C7BEA972A}.Debug|x86.ActiveCfg = Debug|Any CPU
		{6FB1A1A0-4E4E-46DC-AEC0-1C7C7BEA972A}.Debug|x86.Build.0 = Debug|Any CPU
		{6FB1A1A0-4E4E-46DC-AEC0-1C7C7BEA972A}.Release|Any CPU.ActiveCfg = Release|Any CPU
		{6FB1A1A0-4E4E-46DC-AEC0-1C7C7BEA972A}.Release|Any CPU.Build.0 = Release|Any CPU
		{6FB1A1A0-4E4E-46DC-AEC0-1C7C7BEA972A}.Release|iPhone.ActiveCfg = Release|Any CPU
		{6FB1A1A0-4E4E-46DC-AEC0-1C7C7BEA972A}.Release|iPhone.Build.0 = Release|Any CPU
		{6FB1A1A0-4E4E-46DC-AEC0-1C7C7BEA972A}.Release|iPhoneSimulator.ActiveCfg = Release|Any CPU
		{6FB1A1A0-4E4E-46DC-AEC0-1C7C7BEA972A}.Release|iPhoneSimulator.Build.0 = Release|Any CPU
		{6FB1A1A0-4E4E-46DC-AEC0-1C7C7BEA972A}.Release|x64.ActiveCfg = Release|Any CPU
		{6FB1A1A0-4E4E-46DC-AEC0-1C7C7BEA972A}.Release|x64.Build.0 = Release|Any CPU
		{6FB1A1A0-4E4E-46DC-AEC0-1C7C7BEA972A}.Release|x86.ActiveCfg = Release|Any CPU
		{6FB1A1A0-4E4E-46DC-AEC0-1C7C7BEA972A}.Release|x86.Build.0 = Release|Any CPU
	EndGlobalSection
	GlobalSection(SolutionProperties) = preSolution
		HideSolutionNode = FALSE
	EndGlobalSection
	GlobalSection(ExtensibilityGlobals) = postSolution
		SolutionGuid = {73804BE9-5095-4290-AACB-28D0216F6886}
	EndGlobalSection
EndGlobal
