
Microsoft Visual Studio Solution File, Format Version 12.00
# Visual Studio 15
VisualStudioVersion = 15.0.26124.0
MinimumVisualStudioVersion = 15.0.26124.0
Project("{9A19103F-16F7-4668-BE54-9A1E7A4F7556}") = "Imms.Core", "Imms.Core\Imms.Core.csproj", "{32B8C81F-0C90-471E-BBDF-A0ABC9D21FD6}"
EndProject
Project("{9A19103F-16F7-4668-BE54-9A1E7A4F7556}") = "Imms.Aps", "Imms.Aps\Imms.Aps.csproj", "{E72F7AD9-9591-4295-A0AA-E5BA664BCD6C}"
EndProject
Project("{9A19103F-16F7-4668-BE54-9A1E7A4F7556}") = "Imms.Mes", "Imms.Mes\Imms.Mes.csproj", "{776A6852-3D7A-4BE4-A92C-0ECE7F91442A}"
EndProject
Project("{FAE04EC0-301F-11D3-BF4B-00C04F79EFBC}") = "Imms.Test", "Imms.Test\Imms.Test.csproj", "{8278C91C-91BF-466E-A637-1E013406D6ED}"
EndProject
Global
	GlobalSection(SolutionConfigurationPlatforms) = preSolution
		Debug|Any CPU = Debug|Any CPU
		Debug|x64 = Debug|x64
		Debug|x86 = Debug|x86
		Release|Any CPU = Release|Any CPU
		Release|x64 = Release|x64
		Release|x86 = Release|x86
	EndGlobalSection
	GlobalSection(ProjectConfigurationPlatforms) = postSolution
		{32B8C81F-0C90-471E-BBDF-A0ABC9D21FD6}.Debug|Any CPU.ActiveCfg = Debug|Any CPU
		{32B8C81F-0C90-471E-BBDF-A0ABC9D21FD6}.Debug|Any CPU.Build.0 = Debug|Any CPU
		{32B8C81F-0C90-471E-BBDF-A0ABC9D21FD6}.Debug|x64.ActiveCfg = Debug|Any CPU
		{32B8C81F-0C90-471E-BBDF-A0ABC9D21FD6}.Debug|x64.Build.0 = Debug|Any CPU
		{32B8C81F-0C90-471E-BBDF-A0ABC9D21FD6}.Debug|x86.ActiveCfg = Debug|Any CPU
		{32B8C81F-0C90-471E-BBDF-A0ABC9D21FD6}.Debug|x86.Build.0 = Debug|Any CPU
		{32B8C81F-0C90-471E-BBDF-A0ABC9D21FD6}.Release|Any CPU.ActiveCfg = Release|Any CPU
		{32B8C81F-0C90-471E-BBDF-A0ABC9D21FD6}.Release|Any CPU.Build.0 = Release|Any CPU
		{32B8C81F-0C90-471E-BBDF-A0ABC9D21FD6}.Release|x64.ActiveCfg = Release|Any CPU
		{32B8C81F-0C90-471E-BBDF-A0ABC9D21FD6}.Release|x64.Build.0 = Release|Any CPU
		{32B8C81F-0C90-471E-BBDF-A0ABC9D21FD6}.Release|x86.ActiveCfg = Release|Any CPU
		{32B8C81F-0C90-471E-BBDF-A0ABC9D21FD6}.Release|x86.Build.0 = Release|Any CPU
		{E72F7AD9-9591-4295-A0AA-E5BA664BCD6C}.Debug|Any CPU.ActiveCfg = Debug|Any CPU
		{E72F7AD9-9591-4295-A0AA-E5BA664BCD6C}.Debug|Any CPU.Build.0 = Debug|Any CPU
		{E72F7AD9-9591-4295-A0AA-E5BA664BCD6C}.Debug|x64.ActiveCfg = Debug|Any CPU
		{E72F7AD9-9591-4295-A0AA-E5BA664BCD6C}.Debug|x64.Build.0 = Debug|Any CPU
		{E72F7AD9-9591-4295-A0AA-E5BA664BCD6C}.Debug|x86.ActiveCfg = Debug|Any CPU
		{E72F7AD9-9591-4295-A0AA-E5BA664BCD6C}.Debug|x86.Build.0 = Debug|Any CPU
		{E72F7AD9-9591-4295-A0AA-E5BA664BCD6C}.Release|Any CPU.ActiveCfg = Release|Any CPU
		{E72F7AD9-9591-4295-A0AA-E5BA664BCD6C}.Release|Any CPU.Build.0 = Release|Any CPU
		{E72F7AD9-9591-4295-A0AA-E5BA664BCD6C}.Release|x64.ActiveCfg = Release|Any CPU
		{E72F7AD9-9591-4295-A0AA-E5BA664BCD6C}.Release|x64.Build.0 = Release|Any CPU
		{E72F7AD9-9591-4295-A0AA-E5BA664BCD6C}.Release|x86.ActiveCfg = Release|Any CPU
		{E72F7AD9-9591-4295-A0AA-E5BA664BCD6C}.Release|x86.Build.0 = Release|Any CPU
		{776A6852-3D7A-4BE4-A92C-0ECE7F91442A}.Debug|Any CPU.ActiveCfg = Debug|Any CPU
		{776A6852-3D7A-4BE4-A92C-0ECE7F91442A}.Debug|Any CPU.Build.0 = Debug|Any CPU
		{776A6852-3D7A-4BE4-A92C-0ECE7F91442A}.Debug|x64.ActiveCfg = Debug|Any CPU
		{776A6852-3D7A-4BE4-A92C-0ECE7F91442A}.Debug|x64.Build.0 = Debug|Any CPU
		{776A6852-3D7A-4BE4-A92C-0ECE7F91442A}.Debug|x86.ActiveCfg = Debug|Any CPU
		{776A6852-3D7A-4BE4-A92C-0ECE7F91442A}.Debug|x86.Build.0 = Debug|Any CPU
		{776A6852-3D7A-4BE4-A92C-0ECE7F91442A}.Release|Any CPU.ActiveCfg = Release|Any CPU
		{776A6852-3D7A-4BE4-A92C-0ECE7F91442A}.Release|Any CPU.Build.0 = Release|Any CPU
		{776A6852-3D7A-4BE4-A92C-0ECE7F91442A}.Release|x64.ActiveCfg = Release|Any CPU
		{776A6852-3D7A-4BE4-A92C-0ECE7F91442A}.Release|x64.Build.0 = Release|Any CPU
		{776A6852-3D7A-4BE4-A92C-0ECE7F91442A}.Release|x86.ActiveCfg = Release|Any CPU
		{776A6852-3D7A-4BE4-A92C-0ECE7F91442A}.Release|x86.Build.0 = Release|Any CPU
		{8278C91C-91BF-466E-A637-1E013406D6ED}.Debug|Any CPU.ActiveCfg = Debug|Any CPU
		{8278C91C-91BF-466E-A637-1E013406D6ED}.Debug|Any CPU.Build.0 = Debug|Any CPU
		{8278C91C-91BF-466E-A637-1E013406D6ED}.Debug|x64.ActiveCfg = Debug|Any CPU
		{8278C91C-91BF-466E-A637-1E013406D6ED}.Debug|x64.Build.0 = Debug|Any CPU
		{8278C91C-91BF-466E-A637-1E013406D6ED}.Debug|x86.ActiveCfg = Debug|Any CPU
		{8278C91C-91BF-466E-A637-1E013406D6ED}.Debug|x86.Build.0 = Debug|Any CPU
		{8278C91C-91BF-466E-A637-1E013406D6ED}.Release|Any CPU.ActiveCfg = Release|Any CPU
		{8278C91C-91BF-466E-A637-1E013406D6ED}.Release|Any CPU.Build.0 = Release|Any CPU
		{8278C91C-91BF-466E-A637-1E013406D6ED}.Release|x64.ActiveCfg = Release|Any CPU
		{8278C91C-91BF-466E-A637-1E013406D6ED}.Release|x64.Build.0 = Release|Any CPU
		{8278C91C-91BF-466E-A637-1E013406D6ED}.Release|x86.ActiveCfg = Release|Any CPU
		{8278C91C-91BF-466E-A637-1E013406D6ED}.Release|x86.Build.0 = Release|Any CPU
	EndGlobalSection
	GlobalSection(SolutionProperties) = preSolution
		HideSolutionNode = FALSE
	EndGlobalSection
	GlobalSection(ExtensibilityGlobals) = postSolution
		SolutionGuid = {73804BE9-5095-4290-AACB-28D0216F6886}
	EndGlobalSection
EndGlobal
