
Microsoft Visual Studio Solution File, Format Version 12.00
# Visual Studio Version 16
VisualStudioVersion = 16.0.28803.156
MinimumVisualStudioVersion = 15.0.26124.0
Project("{9A19103F-16F7-4668-BE54-9A1E7A4F7556}") = "Imms.Core", "Imms.Core\Imms.Core.csproj", "{32B8C81F-0C90-471E-BBDF-A0ABC9D21FD6}"
EndProject
Project("{9A19103F-16F7-4668-BE54-9A1E7A4F7556}") = "Imms.Aps", "Imms.Aps\Imms.Aps.csproj", "{E72F7AD9-9591-4295-A0AA-E5BA664BCD6C}"
EndProject
Project("{9A19103F-16F7-4668-BE54-9A1E7A4F7556}") = "Imms.Mes", "Imms.Mes\Imms.Mes.csproj", "{776A6852-3D7A-4BE4-A92C-0ECE7F91442A}"
EndProject
Project("{9A19103F-16F7-4668-BE54-9A1E7A4F7556}") = "Imms.Test", "Imms.Test\Imms.Test.csproj", "{10309BB7-8FBB-455C-B747-8F5BEC32EFF6}"
EndProject
Project("{9A19103F-16F7-4668-BE54-9A1E7A4F7556}") = "Imms.WebFront", "Imms.WebFront\Imms.WebFront.csproj", "{3E460623-1F3E-41AE-ADF9-2C3BE05039DD}"
EndProject
Global
	GlobalSection(SolutionConfigurationPlatforms) = preSolution
		Debug|Any CPU = Debug|Any CPU
		Debug|iPhone = Debug|iPhone
		Debug|iPhoneSimulator = Debug|iPhoneSimulator
		Debug|x64 = Debug|x64
		Debug|x86 = Debug|x86
		Release|Any CPU = Release|Any CPU
		Release|iPhone = Release|iPhone
		Release|iPhoneSimulator = Release|iPhoneSimulator
		Release|x64 = Release|x64
		Release|x86 = Release|x86
	EndGlobalSection
	GlobalSection(ProjectConfigurationPlatforms) = postSolution
		{32B8C81F-0C90-471E-BBDF-A0ABC9D21FD6}.Debug|Any CPU.ActiveCfg = Debug|Any CPU
		{32B8C81F-0C90-471E-BBDF-A0ABC9D21FD6}.Debug|Any CPU.Build.0 = Debug|Any CPU
		{32B8C81F-0C90-471E-BBDF-A0ABC9D21FD6}.Debug|iPhone.ActiveCfg = Debug|Any CPU
		{32B8C81F-0C90-471E-BBDF-A0ABC9D21FD6}.Debug|iPhone.Build.0 = Debug|Any CPU
		{32B8C81F-0C90-471E-BBDF-A0ABC9D21FD6}.Debug|iPhoneSimulator.ActiveCfg = Debug|Any CPU
		{32B8C81F-0C90-471E-BBDF-A0ABC9D21FD6}.Debug|iPhoneSimulator.Build.0 = Debug|Any CPU
		{32B8C81F-0C90-471E-BBDF-A0ABC9D21FD6}.Debug|x64.ActiveCfg = Debug|Any CPU
		{32B8C81F-0C90-471E-BBDF-A0ABC9D21FD6}.Debug|x64.Build.0 = Debug|Any CPU
		{32B8C81F-0C90-471E-BBDF-A0ABC9D21FD6}.Debug|x86.ActiveCfg = Debug|Any CPU
		{32B8C81F-0C90-471E-BBDF-A0ABC9D21FD6}.Debug|x86.Build.0 = Debug|Any CPU
		{32B8C81F-0C90-471E-BBDF-A0ABC9D21FD6}.Release|Any CPU.ActiveCfg = Release|Any CPU
		{32B8C81F-0C90-471E-BBDF-A0ABC9D21FD6}.Release|Any CPU.Build.0 = Release|Any CPU
		{32B8C81F-0C90-471E-BBDF-A0ABC9D21FD6}.Release|iPhone.ActiveCfg = Release|Any CPU
		{32B8C81F-0C90-471E-BBDF-A0ABC9D21FD6}.Release|iPhone.Build.0 = Release|Any CPU
		{32B8C81F-0C90-471E-BBDF-A0ABC9D21FD6}.Release|iPhoneSimulator.ActiveCfg = Release|Any CPU
		{32B8C81F-0C90-471E-BBDF-A0ABC9D21FD6}.Release|iPhoneSimulator.Build.0 = Release|Any CPU
		{32B8C81F-0C90-471E-BBDF-A0ABC9D21FD6}.Release|x64.ActiveCfg = Release|Any CPU
		{32B8C81F-0C90-471E-BBDF-A0ABC9D21FD6}.Release|x64.Build.0 = Release|Any CPU
		{32B8C81F-0C90-471E-BBDF-A0ABC9D21FD6}.Release|x86.ActiveCfg = Release|Any CPU
		{32B8C81F-0C90-471E-BBDF-A0ABC9D21FD6}.Release|x86.Build.0 = Release|Any CPU
		{E72F7AD9-9591-4295-A0AA-E5BA664BCD6C}.Debug|Any CPU.ActiveCfg = Debug|Any CPU
		{E72F7AD9-9591-4295-A0AA-E5BA664BCD6C}.Debug|Any CPU.Build.0 = Debug|Any CPU
		{E72F7AD9-9591-4295-A0AA-E5BA664BCD6C}.Debug|iPhone.ActiveCfg = Debug|Any CPU
		{E72F7AD9-9591-4295-A0AA-E5BA664BCD6C}.Debug|iPhone.Build.0 = Debug|Any CPU
		{E72F7AD9-9591-4295-A0AA-E5BA664BCD6C}.Debug|iPhoneSimulator.ActiveCfg = Debug|Any CPU
		{E72F7AD9-9591-4295-A0AA-E5BA664BCD6C}.Debug|iPhoneSimulator.Build.0 = Debug|Any CPU
		{E72F7AD9-9591-4295-A0AA-E5BA664BCD6C}.Debug|x64.ActiveCfg = Debug|Any CPU
		{E72F7AD9-9591-4295-A0AA-E5BA664BCD6C}.Debug|x64.Build.0 = Debug|Any CPU
		{E72F7AD9-9591-4295-A0AA-E5BA664BCD6C}.Debug|x86.ActiveCfg = Debug|Any CPU
		{E72F7AD9-9591-4295-A0AA-E5BA664BCD6C}.Debug|x86.Build.0 = Debug|Any CPU
		{E72F7AD9-9591-4295-A0AA-E5BA664BCD6C}.Release|Any CPU.ActiveCfg = Release|Any CPU
		{E72F7AD9-9591-4295-A0AA-E5BA664BCD6C}.Release|Any CPU.Build.0 = Release|Any CPU
		{E72F7AD9-9591-4295-A0AA-E5BA664BCD6C}.Release|iPhone.ActiveCfg = Release|Any CPU
		{E72F7AD9-9591-4295-A0AA-E5BA664BCD6C}.Release|iPhone.Build.0 = Release|Any CPU
		{E72F7AD9-9591-4295-A0AA-E5BA664BCD6C}.Release|iPhoneSimulator.ActiveCfg = Release|Any CPU
		{E72F7AD9-9591-4295-A0AA-E5BA664BCD6C}.Release|iPhoneSimulator.Build.0 = Release|Any CPU
		{E72F7AD9-9591-4295-A0AA-E5BA664BCD6C}.Release|x64.ActiveCfg = Release|Any CPU
		{E72F7AD9-9591-4295-A0AA-E5BA664BCD6C}.Release|x64.Build.0 = Release|Any CPU
		{E72F7AD9-9591-4295-A0AA-E5BA664BCD6C}.Release|x86.ActiveCfg = Release|Any CPU
		{E72F7AD9-9591-4295-A0AA-E5BA664BCD6C}.Release|x86.Build.0 = Release|Any CPU
		{776A6852-3D7A-4BE4-A92C-0ECE7F91442A}.Debug|Any CPU.ActiveCfg = Debug|Any CPU
		{776A6852-3D7A-4BE4-A92C-0ECE7F91442A}.Debug|Any CPU.Build.0 = Debug|Any CPU
		{776A6852-3D7A-4BE4-A92C-0ECE7F91442A}.Debug|iPhone.ActiveCfg = Debug|Any CPU
		{776A6852-3D7A-4BE4-A92C-0ECE7F91442A}.Debug|iPhone.Build.0 = Debug|Any CPU
		{776A6852-3D7A-4BE4-A92C-0ECE7F91442A}.Debug|iPhoneSimulator.ActiveCfg = Debug|Any CPU
		{776A6852-3D7A-4BE4-A92C-0ECE7F91442A}.Debug|iPhoneSimulator.Build.0 = Debug|Any CPU
		{776A6852-3D7A-4BE4-A92C-0ECE7F91442A}.Debug|x64.ActiveCfg = Debug|Any CPU
		{776A6852-3D7A-4BE4-A92C-0ECE7F91442A}.Debug|x64.Build.0 = Debug|Any CPU
		{776A6852-3D7A-4BE4-A92C-0ECE7F91442A}.Debug|x86.ActiveCfg = Debug|Any CPU
		{776A6852-3D7A-4BE4-A92C-0ECE7F91442A}.Debug|x86.Build.0 = Debug|Any CPU
		{776A6852-3D7A-4BE4-A92C-0ECE7F91442A}.Release|Any CPU.ActiveCfg = Release|Any CPU
		{776A6852-3D7A-4BE4-A92C-0ECE7F91442A}.Release|Any CPU.Build.0 = Release|Any CPU
		{776A6852-3D7A-4BE4-A92C-0ECE7F91442A}.Release|iPhone.ActiveCfg = Release|Any CPU
		{776A6852-3D7A-4BE4-A92C-0ECE7F91442A}.Release|iPhone.Build.0 = Release|Any CPU
		{776A6852-3D7A-4BE4-A92C-0ECE7F91442A}.Release|iPhoneSimulator.ActiveCfg = Release|Any CPU
		{776A6852-3D7A-4BE4-A92C-0ECE7F91442A}.Release|iPhoneSimulator.Build.0 = Release|Any CPU
		{776A6852-3D7A-4BE4-A92C-0ECE7F91442A}.Release|x64.ActiveCfg = Release|Any CPU
		{776A6852-3D7A-4BE4-A92C-0ECE7F91442A}.Release|x64.Build.0 = Release|Any CPU
		{776A6852-3D7A-4BE4-A92C-0ECE7F91442A}.Release|x86.ActiveCfg = Release|Any CPU
		{776A6852-3D7A-4BE4-A92C-0ECE7F91442A}.Release|x86.Build.0 = Release|Any CPU
		{10309BB7-8FBB-455C-B747-8F5BEC32EFF6}.Debug|Any CPU.ActiveCfg = Debug|Any CPU
		{10309BB7-8FBB-455C-B747-8F5BEC32EFF6}.Debug|Any CPU.Build.0 = Debug|Any CPU
		{10309BB7-8FBB-455C-B747-8F5BEC32EFF6}.Debug|iPhone.ActiveCfg = Debug|Any CPU
		{10309BB7-8FBB-455C-B747-8F5BEC32EFF6}.Debug|iPhone.Build.0 = Debug|Any CPU
		{10309BB7-8FBB-455C-B747-8F5BEC32EFF6}.Debug|iPhoneSimulator.ActiveCfg = Debug|Any CPU
		{10309BB7-8FBB-455C-B747-8F5BEC32EFF6}.Debug|iPhoneSimulator.Build.0 = Debug|Any CPU
		{10309BB7-8FBB-455C-B747-8F5BEC32EFF6}.Debug|x64.ActiveCfg = Debug|Any CPU
		{10309BB7-8FBB-455C-B747-8F5BEC32EFF6}.Debug|x64.Build.0 = Debug|Any CPU
		{10309BB7-8FBB-455C-B747-8F5BEC32EFF6}.Debug|x86.ActiveCfg = Debug|Any CPU
		{10309BB7-8FBB-455C-B747-8F5BEC32EFF6}.Debug|x86.Build.0 = Debug|Any CPU
		{10309BB7-8FBB-455C-B747-8F5BEC32EFF6}.Release|Any CPU.ActiveCfg = Release|Any CPU
		{10309BB7-8FBB-455C-B747-8F5BEC32EFF6}.Release|Any CPU.Build.0 = Release|Any CPU
		{10309BB7-8FBB-455C-B747-8F5BEC32EFF6}.Release|iPhone.ActiveCfg = Release|Any CPU
		{10309BB7-8FBB-455C-B747-8F5BEC32EFF6}.Release|iPhone.Build.0 = Release|Any CPU
		{10309BB7-8FBB-455C-B747-8F5BEC32EFF6}.Release|iPhoneSimulator.ActiveCfg = Release|Any CPU
		{10309BB7-8FBB-455C-B747-8F5BEC32EFF6}.Release|iPhoneSimulator.Build.0 = Release|Any CPU
		{10309BB7-8FBB-455C-B747-8F5BEC32EFF6}.Release|x64.ActiveCfg = Release|Any CPU
		{10309BB7-8FBB-455C-B747-8F5BEC32EFF6}.Release|x64.Build.0 = Release|Any CPU
		{10309BB7-8FBB-455C-B747-8F5BEC32EFF6}.Release|x86.ActiveCfg = Release|Any CPU
		{10309BB7-8FBB-455C-B747-8F5BEC32EFF6}.Release|x86.Build.0 = Release|Any CPU
		{3E460623-1F3E-41AE-ADF9-2C3BE05039DD}.Debug|Any CPU.ActiveCfg = Debug|Any CPU
		{3E460623-1F3E-41AE-ADF9-2C3BE05039DD}.Debug|Any CPU.Build.0 = Debug|Any CPU
		{3E460623-1F3E-41AE-ADF9-2C3BE05039DD}.Debug|iPhone.ActiveCfg = Debug|Any CPU
		{3E460623-1F3E-41AE-ADF9-2C3BE05039DD}.Debug|iPhone.Build.0 = Debug|Any CPU
		{3E460623-1F3E-41AE-ADF9-2C3BE05039DD}.Debug|iPhoneSimulator.ActiveCfg = Debug|Any CPU
		{3E460623-1F3E-41AE-ADF9-2C3BE05039DD}.Debug|iPhoneSimulator.Build.0 = Debug|Any CPU
		{3E460623-1F3E-41AE-ADF9-2C3BE05039DD}.Debug|x64.ActiveCfg = Debug|Any CPU
		{3E460623-1F3E-41AE-ADF9-2C3BE05039DD}.Debug|x64.Build.0 = Debug|Any CPU
		{3E460623-1F3E-41AE-ADF9-2C3BE05039DD}.Debug|x86.ActiveCfg = Debug|Any CPU
		{3E460623-1F3E-41AE-ADF9-2C3BE05039DD}.Debug|x86.Build.0 = Debug|Any CPU
		{3E460623-1F3E-41AE-ADF9-2C3BE05039DD}.Release|Any CPU.ActiveCfg = Release|Any CPU
		{3E460623-1F3E-41AE-ADF9-2C3BE05039DD}.Release|Any CPU.Build.0 = Release|Any CPU
		{3E460623-1F3E-41AE-ADF9-2C3BE05039DD}.Release|iPhone.ActiveCfg = Release|Any CPU
		{3E460623-1F3E-41AE-ADF9-2C3BE05039DD}.Release|iPhone.Build.0 = Release|Any CPU
		{3E460623-1F3E-41AE-ADF9-2C3BE05039DD}.Release|iPhoneSimulator.ActiveCfg = Release|Any CPU
		{3E460623-1F3E-41AE-ADF9-2C3BE05039DD}.Release|iPhoneSimulator.Build.0 = Release|Any CPU
		{3E460623-1F3E-41AE-ADF9-2C3BE05039DD}.Release|x64.ActiveCfg = Release|Any CPU
		{3E460623-1F3E-41AE-ADF9-2C3BE05039DD}.Release|x64.Build.0 = Release|Any CPU
		{3E460623-1F3E-41AE-ADF9-2C3BE05039DD}.Release|x86.ActiveCfg = Release|Any CPU
		{3E460623-1F3E-41AE-ADF9-2C3BE05039DD}.Release|x86.Build.0 = Release|Any CPU
	EndGlobalSection
	GlobalSection(SolutionProperties) = preSolution
		HideSolutionNode = FALSE
	EndGlobalSection
	GlobalSection(ExtensibilityGlobals) = postSolution
		SolutionGuid = {73804BE9-5095-4290-AACB-28D0216F6886}
	EndGlobalSection
EndGlobal
